
Microsoft Visual Studio Solution File, Format Version 12.00
# Visual Studio Version 17
VisualStudioVersion = 17.1.32210.238
MinimumVisualStudioVersion = 10.0.40219.1
Project("{9A19103F-16F7-4668-BE54-9A1E7A4F7556}") = "KPZ_Lab03_DOTNET", "KPZ_Lab03_DOTNET.csproj", "{EFB834EB-00B8-401F-8EF3-2C359CFEDCFE}"
EndProject
Project("{9A19103F-16F7-4668-BE54-9A1E7A4F7556}") = "WPF03", "..\WPF03\WPF03.csproj", "{DDBB72FC-0B99-4EDB-9D2A-792A2AB27CDD}"
EndProject
Project("{9A19103F-16F7-4668-BE54-9A1E7A4F7556}") = "CodeFirst", "..\CodeFirst\CodeFirst.csproj", "{6B2750A0-89ED-4747-B7CF-961D088B6A7D}"
EndProject
Global
	GlobalSection(SolutionConfigurationPlatforms) = preSolution
		Debug|Any CPU = Debug|Any CPU
		Release|Any CPU = Release|Any CPU
	EndGlobalSection
	GlobalSection(ProjectConfigurationPlatforms) = postSolution
		{EFB834EB-00B8-401F-8EF3-2C359CFEDCFE}.Debug|Any CPU.ActiveCfg = Debug|Any CPU
		{EFB834EB-00B8-401F-8EF3-2C359CFEDCFE}.Debug|Any CPU.Build.0 = Debug|Any CPU
		{EFB834EB-00B8-401F-8EF3-2C359CFEDCFE}.Release|Any CPU.ActiveCfg = Release|Any CPU
		{EFB834EB-00B8-401F-8EF3-2C359CFEDCFE}.Release|Any CPU.Build.0 = Release|Any CPU
		{DDBB72FC-0B99-4EDB-9D2A-792A2AB27CDD}.Debug|Any CPU.ActiveCfg = Debug|Any CPU
		{DDBB72FC-0B99-4EDB-9D2A-792A2AB27CDD}.Debug|Any CPU.Build.0 = Debug|Any CPU
		{DDBB72FC-0B99-4EDB-9D2A-792A2AB27CDD}.Release|Any CPU.ActiveCfg = Release|Any CPU
		{DDBB72FC-0B99-4EDB-9D2A-792A2AB27CDD}.Release|Any CPU.Build.0 = Release|Any CPU
		{6B2750A0-89ED-4747-B7CF-961D088B6A7D}.Debug|Any CPU.ActiveCfg = Debug|Any CPU
		{6B2750A0-89ED-4747-B7CF-961D088B6A7D}.Debug|Any CPU.Build.0 = Debug|Any CPU
		{6B2750A0-89ED-4747-B7CF-961D088B6A7D}.Release|Any CPU.ActiveCfg = Release|Any CPU
		{6B2750A0-89ED-4747-B7CF-961D088B6A7D}.Release|Any CPU.Build.0 = Release|Any CPU
	EndGlobalSection
	GlobalSection(SolutionProperties) = preSolution
		HideSolutionNode = FALSE
	EndGlobalSection
	GlobalSection(ExtensibilityGlobals) = postSolution
		SolutionGuid = {90D50962-D3D4-4706-AD57-ECE2D83CC078}
	EndGlobalSection
EndGlobal
