
Microsoft Visual Studio Solution File, Format Version 12.00
# Visual Studio Version 17
VisualStudioVersion = 17.1.32210.238
MinimumVisualStudioVersion = 10.0.40219.1
Project("{9A19103F-16F7-4668-BE54-9A1E7A4F7556}") = "KPZ_LAB02", "KPZ_LAB02\KPZ_LAB02.csproj", "{1204F68D-E15F-4965-AF39-563CFE8DBDA2}"
EndProject
Project("{9A19103F-16F7-4668-BE54-9A1E7A4F7556}") = "Sales.Model", "Sales.Model\Sales.Model.csproj", "{EAA1F4FA-C6F4-4EA8-8F4A-066C082BCE10}"
EndProject
Project("{9A19103F-16F7-4668-BE54-9A1E7A4F7556}") = "Sales.UI", "Sales.UI\Sales.UI.csproj", "{3FD531B5-5DF3-4DE7-9337-E78673BD48E2}"
EndProject
Global
	GlobalSection(SolutionConfigurationPlatforms) = preSolution
		Debug|Any CPU = Debug|Any CPU
		Release|Any CPU = Release|Any CPU
	EndGlobalSection
	GlobalSection(ProjectConfigurationPlatforms) = postSolution
		{1204F68D-E15F-4965-AF39-563CFE8DBDA2}.Debug|Any CPU.ActiveCfg = Debug|Any CPU
		{1204F68D-E15F-4965-AF39-563CFE8DBDA2}.Debug|Any CPU.Build.0 = Debug|Any CPU
		{1204F68D-E15F-4965-AF39-563CFE8DBDA2}.Release|Any CPU.ActiveCfg = Release|Any CPU
		{1204F68D-E15F-4965-AF39-563CFE8DBDA2}.Release|Any CPU.Build.0 = Release|Any CPU
		{EAA1F4FA-C6F4-4EA8-8F4A-066C082BCE10}.Debug|Any CPU.ActiveCfg = Debug|Any CPU
		{EAA1F4FA-C6F4-4EA8-8F4A-066C082BCE10}.Debug|Any CPU.Build.0 = Debug|Any CPU
		{EAA1F4FA-C6F4-4EA8-8F4A-066C082BCE10}.Release|Any CPU.ActiveCfg = Release|Any CPU
		{EAA1F4FA-C6F4-4EA8-8F4A-066C082BCE10}.Release|Any CPU.Build.0 = Release|Any CPU
		{3FD531B5-5DF3-4DE7-9337-E78673BD48E2}.Debug|Any CPU.ActiveCfg = Debug|Any CPU
		{3FD531B5-5DF3-4DE7-9337-E78673BD48E2}.Debug|Any CPU.Build.0 = Debug|Any CPU
		{3FD531B5-5DF3-4DE7-9337-E78673BD48E2}.Release|Any CPU.ActiveCfg = Release|Any CPU
		{3FD531B5-5DF3-4DE7-9337-E78673BD48E2}.Release|Any CPU.Build.0 = Release|Any CPU
	EndGlobalSection
	GlobalSection(SolutionProperties) = preSolution
		HideSolutionNode = FALSE
	EndGlobalSection
	GlobalSection(ExtensibilityGlobals) = postSolution
		SolutionGuid = {B36F7851-B99F-4E93-9CB7-31463D054CB7}
	EndGlobalSection
EndGlobal
